
Microsoft Visual Studio Solution File, Format Version 12.00
# Visual Studio Version 17
VisualStudioVersion = 17.14.36414.22
MinimumVisualStudioVersion = 10.0.40219.1
Project("{2150E333-8FDC-42A3-9474-1A3956D46DE8}") = "Task0", "Task0", "{02EA681E-C7D8-13C7-8484-4AC65E1B71E8}"
EndProject
Project("{FAE04EC0-301F-11D3-BF4B-00C04F79EFBC}") = "Tyuiu.MolchanovIV.Sprint3.Task0.V22", "Tyuiu.MolchanovIV.Sprint3.Task0.V22\Tyuiu.MolchanovIV.Sprint3.Task0.V22.csproj", "{F990C358-19C6-4E91-824E-C6EA988AE94B}"
EndProject
Project("{FAE04EC0-301F-11D3-BF4B-00C04F79EFBC}") = "Tyuiu.MolchanovIV.Sprint3.Task0.V22.Lib", "Tyuiu.MolchanovIV.Sprint3.Task0.V22.Lib\Tyuiu.MolchanovIV.Sprint3.Task0.V22.Lib.csproj", "{618CD5A7-9913-4DE5-B4E9-26C6C6842A44}"
EndProject
Project("{FAE04EC0-301F-11D3-BF4B-00C04F79EFBC}") = "Tyuiu.MolchanovIV.Sprint3.Task0.V22.Test", "Tyuiu.MolchanovIV.Sprint3.Task0.V22.Test\Tyuiu.MolchanovIV.Sprint3.Task0.V22.Test.csproj", "{6F969FE6-3C3E-4143-84AC-D97C09875FDA}"
EndProject
Project("{2150E333-8FDC-42A3-9474-1A3956D46DE8}") = "Task1", "Task1", "{FA7E1B43-43D8-4AF0-BCB2-FA7CF47E51AA}"
EndProject
Project("{FAE04EC0-301F-11D3-BF4B-00C04F79EFBC}") = "Tyuiu.MolchanovIV.Sprint3.Task1.V27", "Tyuiu.MolchanovIV.Sprint3.Task1.V27\Tyuiu.MolchanovIV.Sprint3.Task1.V27.csproj", "{7762E28C-686C-4C66-98DD-60AB2127CC79}"
EndProject
Project("{FAE04EC0-301F-11D3-BF4B-00C04F79EFBC}") = "Tyuiu.MolchanovIV.Sprint3.Task1.V27.Lib", "Tyuiu.MolchanovIV.Sprint3.Task1.V27.Lib\Tyuiu.MolchanovIV.Sprint3.Task1.V27.Lib.csproj", "{152AA4C0-1B9C-48B5-9AE1-1337A0367638}"
EndProject
Project("{FAE04EC0-301F-11D3-BF4B-00C04F79EFBC}") = "Tyuiu.MolchanovIV.Sprint3.Task1.V27.Test", "Tyuiu.MolchanovIV.Sprint3.Task1.V27.Test\Tyuiu.MolchanovIV.Sprint3.Task1.V27.Test.csproj", "{8EA9484D-FDDF-4F43-A56E-6A50190EBF67}"
EndProject
Project("{2150E333-8FDC-42A3-9474-1A3956D46DE8}") = "Task2", "Task2", "{D6998913-A8CC-458E-956F-DD20056DF864}"
EndProject
Project("{FAE04EC0-301F-11D3-BF4B-00C04F79EFBC}") = "Tyuiu.MolchanovIV.Sprint3.Task2.V6", "Tyuiu.MolchanovIV.Sprint3.Task2.V6\Tyuiu.MolchanovIV.Sprint3.Task2.V6.csproj", "{1DFAC8A0-E418-4DA0-A57A-73E848FEFD58}"
EndProject
Project("{FAE04EC0-301F-11D3-BF4B-00C04F79EFBC}") = "Tyuiu.MolchanovIV.Sprint3.Task2.V6.Lib", "Tyuiu.MolchanovIV.Sprint3.Task2.V6.Lib\Tyuiu.MolchanovIV.Sprint3.Task2.V6.Lib.csproj", "{D2399A16-80F9-42FB-8E67-336FBABB0CF2}"
EndProject
Project("{FAE04EC0-301F-11D3-BF4B-00C04F79EFBC}") = "Tyuiu.MolchanovIV.Sprint3.Task2.V6.Test", "Tyuiu.MolchanovIV.Sprint3.Task2.V6.Test\Tyuiu.MolchanovIV.Sprint3.Task2.V6.Test.csproj", "{05347197-90BC-4155-BD29-E27F7110FC92}"
EndProject
Project("{2150E333-8FDC-42A3-9474-1A3956D46DE8}") = "Task3", "Task3", "{73FAAFF5-C92B-4992-A2E6-75B206741E61}"
EndProject
Project("{FAE04EC0-301F-11D3-BF4B-00C04F79EFBC}") = "Tyuiu.MolchanovIV.Sprint3.Task3.V5", "Tyuiu.MolchanovIV.Sprint3.Task3.V5\Tyuiu.MolchanovIV.Sprint3.Task3.V5.csproj", "{ABF72F74-18C1-4852-9550-4C0377D55E49}"
EndProject
Project("{FAE04EC0-301F-11D3-BF4B-00C04F79EFBC}") = "Tyuiu.MolchanovIV.Sprint3.Task3.V5.Lib", "Tyuiu.MolchanovIV.Sprint3.Task3.V5.Lib\Tyuiu.MolchanovIV.Sprint3.Task3.V5.Lib.csproj", "{3188E235-214D-4105-9BB6-CD804B6DBC70}"
EndProject
Project("{FAE04EC0-301F-11D3-BF4B-00C04F79EFBC}") = "Tyuiu.MolchanovIV.Sprint3.Task3.V5.Test", "Tyuiu.MolchanovIV.Sprint3.Task3.V5.Test\Tyuiu.MolchanovIV.Sprint3.Task3.V5.Test.csproj", "{8B072FD6-C47F-452F-8B59-42BE72A49941}"
EndProject
Project("{2150E333-8FDC-42A3-9474-1A3956D46DE8}") = "Task4", "Task4", "{827E9B21-D3D3-4C0A-9D91-E4ED7AA5897E}"
EndProject
Project("{FAE04EC0-301F-11D3-BF4B-00C04F79EFBC}") = "Tyuiu.MolchanovIV.Sprint3.Task4.V23", "Tyuiu.MolchanovIV.Sprint3.Task4.V23\Tyuiu.MolchanovIV.Sprint3.Task4.V23.csproj", "{BC7679C0-B37B-4192-A9B9-5D7A51A7B0A5}"
EndProject
Project("{FAE04EC0-301F-11D3-BF4B-00C04F79EFBC}") = "Tyuiu.MolchanovIV.Sprint3.Task4.V23.Lib", "Tyuiu.MolchanovIV.Sprint3.Task4.V23.Lib\Tyuiu.MolchanovIV.Sprint3.Task4.V23.Lib.csproj", "{CAC2D18D-FEA6-49A7-8432-6B7DEB125198}"
EndProject
Project("{FAE04EC0-301F-11D3-BF4B-00C04F79EFBC}") = "Tyuiu.MolchanovIV.Sprint3.Task4.V23.Test", "Tyuiu.MolchanovIV.Sprint3.Task4.V23.Test\Tyuiu.MolchanovIV.Sprint3.Task4.V23.Test.csproj", "{E0F82E5C-3418-46B5-A8F8-D7C5FE79C757}"
EndProject
Project("{2150E333-8FDC-42A3-9474-1A3956D46DE8}") = "Task5", "Task5", "{1D500137-7092-428A-9D5A-B12CE922DF6B}"
EndProject
Project("{FAE04EC0-301F-11D3-BF4B-00C04F79EFBC}") = "Tyuiu.MolchanovIV.Sprint3.Task5.V5", "Tyuiu.MolchanovIV.Sprint3.Task5.V5\Tyuiu.MolchanovIV.Sprint3.Task5.V5.csproj", "{2B5E0E09-D943-487A-BD7C-DAF0504A1165}"
EndProject
Project("{FAE04EC0-301F-11D3-BF4B-00C04F79EFBC}") = "Tyuiu.MolchanovIV.Sprint3.Task5.V5.Lib", "Tyuiu.MolchanovIV.Sprint3.Task5.V5.Lib\Tyuiu.MolchanovIV.Sprint3.Task5.V5.Lib.csproj", "{8072C72D-ED5D-487B-B7E7-3E93839C5730}"
EndProject
Project("{FAE04EC0-301F-11D3-BF4B-00C04F79EFBC}") = "Tyuiu.MolchanovIV.Sprint3.Task5.V5.Test", "Tyuiu.MolchanovIV.Sprint3.Task5.V5.Test\Tyuiu.MolchanovIV.Sprint3.Task5.V5.Test.csproj", "{24DE8365-14A7-41B5-80A4-885085C59007}"
EndProject
Global
	GlobalSection(SolutionConfigurationPlatforms) = preSolution
		Debug|Any CPU = Debug|Any CPU
		Release|Any CPU = Release|Any CPU
	EndGlobalSection
	GlobalSection(ProjectConfigurationPlatforms) = postSolution
		{F990C358-19C6-4E91-824E-C6EA988AE94B}.Debug|Any CPU.ActiveCfg = Debug|Any CPU
		{F990C358-19C6-4E91-824E-C6EA988AE94B}.Debug|Any CPU.Build.0 = Debug|Any CPU
		{F990C358-19C6-4E91-824E-C6EA988AE94B}.Release|Any CPU.ActiveCfg = Release|Any CPU
		{F990C358-19C6-4E91-824E-C6EA988AE94B}.Release|Any CPU.Build.0 = Release|Any CPU
		{618CD5A7-9913-4DE5-B4E9-26C6C6842A44}.Debug|Any CPU.ActiveCfg = Debug|Any CPU
		{618CD5A7-9913-4DE5-B4E9-26C6C6842A44}.Debug|Any CPU.Build.0 = Debug|Any CPU
		{618CD5A7-9913-4DE5-B4E9-26C6C6842A44}.Release|Any CPU.ActiveCfg = Release|Any CPU
		{618CD5A7-9913-4DE5-B4E9-26C6C6842A44}.Release|Any CPU.Build.0 = Release|Any CPU
		{6F969FE6-3C3E-4143-84AC-D97C09875FDA}.Debug|Any CPU.ActiveCfg = Debug|Any CPU
		{6F969FE6-3C3E-4143-84AC-D97C09875FDA}.Debug|Any CPU.Build.0 = Debug|Any CPU
		{6F969FE6-3C3E-4143-84AC-D97C09875FDA}.Release|Any CPU.ActiveCfg = Release|Any CPU
		{6F969FE6-3C3E-4143-84AC-D97C09875FDA}.Release|Any CPU.Build.0 = Release|Any CPU
		{7762E28C-686C-4C66-98DD-60AB2127CC79}.Debug|Any CPU.ActiveCfg = Debug|Any CPU
		{7762E28C-686C-4C66-98DD-60AB2127CC79}.Debug|Any CPU.Build.0 = Debug|Any CPU
		{7762E28C-686C-4C66-98DD-60AB2127CC79}.Release|Any CPU.ActiveCfg = Release|Any CPU
		{7762E28C-686C-4C66-98DD-60AB2127CC79}.Release|Any CPU.Build.0 = Release|Any CPU
		{152AA4C0-1B9C-48B5-9AE1-1337A0367638}.Debug|Any CPU.ActiveCfg = Debug|Any CPU
		{152AA4C0-1B9C-48B5-9AE1-1337A0367638}.Debug|Any CPU.Build.0 = Debug|Any CPU
		{152AA4C0-1B9C-48B5-9AE1-1337A0367638}.Release|Any CPU.ActiveCfg = Release|Any CPU
		{152AA4C0-1B9C-48B5-9AE1-1337A0367638}.Release|Any CPU.Build.0 = Release|Any CPU
		{8EA9484D-FDDF-4F43-A56E-6A50190EBF67}.Debug|Any CPU.ActiveCfg = Debug|Any CPU
		{8EA9484D-FDDF-4F43-A56E-6A50190EBF67}.Debug|Any CPU.Build.0 = Debug|Any CPU
		{8EA9484D-FDDF-4F43-A56E-6A50190EBF67}.Release|Any CPU.ActiveCfg = Release|Any CPU
		{8EA9484D-FDDF-4F43-A56E-6A50190EBF67}.Release|Any CPU.Build.0 = Release|Any CPU
		{1DFAC8A0-E418-4DA0-A57A-73E848FEFD58}.Debug|Any CPU.ActiveCfg = Debug|Any CPU
		{1DFAC8A0-E418-4DA0-A57A-73E848FEFD58}.Debug|Any CPU.Build.0 = Debug|Any CPU
		{1DFAC8A0-E418-4DA0-A57A-73E848FEFD58}.Release|Any CPU.ActiveCfg = Release|Any CPU
		{1DFAC8A0-E418-4DA0-A57A-73E848FEFD58}.Release|Any CPU.Build.0 = Release|Any CPU
		{D2399A16-80F9-42FB-8E67-336FBABB0CF2}.Debug|Any CPU.ActiveCfg = Debug|Any CPU
		{D2399A16-80F9-42FB-8E67-336FBABB0CF2}.Debug|Any CPU.Build.0 = Debug|Any CPU
		{D2399A16-80F9-42FB-8E67-336FBABB0CF2}.Release|Any CPU.ActiveCfg = Release|Any CPU
		{D2399A16-80F9-42FB-8E67-336FBABB0CF2}.Release|Any CPU.Build.0 = Release|Any CPU
		{05347197-90BC-4155-BD29-E27F7110FC92}.Debug|Any CPU.ActiveCfg = Debug|Any CPU
		{05347197-90BC-4155-BD29-E27F7110FC92}.Debug|Any CPU.Build.0 = Debug|Any CPU
		{05347197-90BC-4155-BD29-E27F7110FC92}.Release|Any CPU.ActiveCfg = Release|Any CPU
		{05347197-90BC-4155-BD29-E27F7110FC92}.Release|Any CPU.Build.0 = Release|Any CPU
		{ABF72F74-18C1-4852-9550-4C0377D55E49}.Debug|Any CPU.ActiveCfg = Debug|Any CPU
		{ABF72F74-18C1-4852-9550-4C0377D55E49}.Debug|Any CPU.Build.0 = Debug|Any CPU
		{ABF72F74-18C1-4852-9550-4C0377D55E49}.Release|Any CPU.ActiveCfg = Release|Any CPU
		{ABF72F74-18C1-4852-9550-4C0377D55E49}.Release|Any CPU.Build.0 = Release|Any CPU
		{3188E235-214D-4105-9BB6-CD804B6DBC70}.Debug|Any CPU.ActiveCfg = Debug|Any CPU
		{3188E235-214D-4105-9BB6-CD804B6DBC70}.Debug|Any CPU.Build.0 = Debug|Any CPU
		{3188E235-214D-4105-9BB6-CD804B6DBC70}.Release|Any CPU.ActiveCfg = Release|Any CPU
		{3188E235-214D-4105-9BB6-CD804B6DBC70}.Release|Any CPU.Build.0 = Release|Any CPU
		{8B072FD6-C47F-452F-8B59-42BE72A49941}.Debug|Any CPU.ActiveCfg = Debug|Any CPU
		{8B072FD6-C47F-452F-8B59-42BE72A49941}.Debug|Any CPU.Build.0 = Debug|Any CPU
		{8B072FD6-C47F-452F-8B59-42BE72A49941}.Release|Any CPU.ActiveCfg = Release|Any CPU
		{8B072FD6-C47F-452F-8B59-42BE72A49941}.Release|Any CPU.Build.0 = Release|Any CPU
		{BC7679C0-B37B-4192-A9B9-5D7A51A7B0A5}.Debug|Any CPU.ActiveCfg = Debug|Any CPU
		{BC7679C0-B37B-4192-A9B9-5D7A51A7B0A5}.Debug|Any CPU.Build.0 = Debug|Any CPU
		{BC7679C0-B37B-4192-A9B9-5D7A51A7B0A5}.Release|Any CPU.ActiveCfg = Release|Any CPU
		{BC7679C0-B37B-4192-A9B9-5D7A51A7B0A5}.Release|Any CPU.Build.0 = Release|Any CPU
		{CAC2D18D-FEA6-49A7-8432-6B7DEB125198}.Debug|Any CPU.ActiveCfg = Debug|Any CPU
		{CAC2D18D-FEA6-49A7-8432-6B7DEB125198}.Debug|Any CPU.Build.0 = Debug|Any CPU
		{CAC2D18D-FEA6-49A7-8432-6B7DEB125198}.Release|Any CPU.ActiveCfg = Release|Any CPU
		{CAC2D18D-FEA6-49A7-8432-6B7DEB125198}.Release|Any CPU.Build.0 = Release|Any CPU
		{E0F82E5C-3418-46B5-A8F8-D7C5FE79C757}.Debug|Any CPU.ActiveCfg = Debug|Any CPU
		{E0F82E5C-3418-46B5-A8F8-D7C5FE79C757}.Debug|Any CPU.Build.0 = Debug|Any CPU
		{E0F82E5C-3418-46B5-A8F8-D7C5FE79C757}.Release|Any CPU.ActiveCfg = Release|Any CPU
		{E0F82E5C-3418-46B5-A8F8-D7C5FE79C757}.Release|Any CPU.Build.0 = Release|Any CPU
		{2B5E0E09-D943-487A-BD7C-DAF0504A1165}.Debug|Any CPU.ActiveCfg = Debug|Any CPU
		{2B5E0E09-D943-487A-BD7C-DAF0504A1165}.Debug|Any CPU.Build.0 = Debug|Any CPU
		{2B5E0E09-D943-487A-BD7C-DAF0504A1165}.Release|Any CPU.ActiveCfg = Release|Any CPU
		{2B5E0E09-D943-487A-BD7C-DAF0504A1165}.Release|Any CPU.Build.0 = Release|Any CPU
		{8072C72D-ED5D-487B-B7E7-3E93839C5730}.Debug|Any CPU.ActiveCfg = Debug|Any CPU
		{8072C72D-ED5D-487B-B7E7-3E93839C5730}.Debug|Any CPU.Build.0 = Debug|Any CPU
		{8072C72D-ED5D-487B-B7E7-3E93839C5730}.Release|Any CPU.ActiveCfg = Release|Any CPU
		{8072C72D-ED5D-487B-B7E7-3E93839C5730}.Release|Any CPU.Build.0 = Release|Any CPU
		{24DE8365-14A7-41B5-80A4-885085C59007}.Debug|Any CPU.ActiveCfg = Debug|Any CPU
		{24DE8365-14A7-41B5-80A4-885085C59007}.Debug|Any CPU.Build.0 = Debug|Any CPU
		{24DE8365-14A7-41B5-80A4-885085C59007}.Release|Any CPU.ActiveCfg = Release|Any CPU
		{24DE8365-14A7-41B5-80A4-885085C59007}.Release|Any CPU.Build.0 = Release|Any CPU
	EndGlobalSection
	GlobalSection(SolutionProperties) = preSolution
		HideSolutionNode = FALSE
	EndGlobalSection
	GlobalSection(NestedProjects) = preSolution
		{F990C358-19C6-4E91-824E-C6EA988AE94B} = {02EA681E-C7D8-13C7-8484-4AC65E1B71E8}
		{618CD5A7-9913-4DE5-B4E9-26C6C6842A44} = {02EA681E-C7D8-13C7-8484-4AC65E1B71E8}
		{6F969FE6-3C3E-4143-84AC-D97C09875FDA} = {02EA681E-C7D8-13C7-8484-4AC65E1B71E8}
		{7762E28C-686C-4C66-98DD-60AB2127CC79} = {FA7E1B43-43D8-4AF0-BCB2-FA7CF47E51AA}
		{152AA4C0-1B9C-48B5-9AE1-1337A0367638} = {FA7E1B43-43D8-4AF0-BCB2-FA7CF47E51AA}
		{8EA9484D-FDDF-4F43-A56E-6A50190EBF67} = {FA7E1B43-43D8-4AF0-BCB2-FA7CF47E51AA}
		{1DFAC8A0-E418-4DA0-A57A-73E848FEFD58} = {D6998913-A8CC-458E-956F-DD20056DF864}
		{D2399A16-80F9-42FB-8E67-336FBABB0CF2} = {D6998913-A8CC-458E-956F-DD20056DF864}
		{05347197-90BC-4155-BD29-E27F7110FC92} = {D6998913-A8CC-458E-956F-DD20056DF864}
		{ABF72F74-18C1-4852-9550-4C0377D55E49} = {73FAAFF5-C92B-4992-A2E6-75B206741E61}
		{3188E235-214D-4105-9BB6-CD804B6DBC70} = {73FAAFF5-C92B-4992-A2E6-75B206741E61}
		{8B072FD6-C47F-452F-8B59-42BE72A49941} = {73FAAFF5-C92B-4992-A2E6-75B206741E61}
		{BC7679C0-B37B-4192-A9B9-5D7A51A7B0A5} = {827E9B21-D3D3-4C0A-9D91-E4ED7AA5897E}
		{CAC2D18D-FEA6-49A7-8432-6B7DEB125198} = {827E9B21-D3D3-4C0A-9D91-E4ED7AA5897E}
		{E0F82E5C-3418-46B5-A8F8-D7C5FE79C757} = {827E9B21-D3D3-4C0A-9D91-E4ED7AA5897E}
		{2B5E0E09-D943-487A-BD7C-DAF0504A1165} = {1D500137-7092-428A-9D5A-B12CE922DF6B}
		{8072C72D-ED5D-487B-B7E7-3E93839C5730} = {1D500137-7092-428A-9D5A-B12CE922DF6B}
		{24DE8365-14A7-41B5-80A4-885085C59007} = {1D500137-7092-428A-9D5A-B12CE922DF6B}
	EndGlobalSection
	GlobalSection(ExtensibilityGlobals) = postSolution
		SolutionGuid = {7DCCDC76-B54D-4C55-A1EB-6CCC239393FB}
	EndGlobalSection
EndGlobal
